
Microsoft Visual Studio Solution File, Format Version 12.00
# Visual Studio 15
VisualStudioVersion = 15.0.27004.2002
MinimumVisualStudioVersion = 10.0.40219.1
Project("{FAE04EC0-301F-11D3-BF4B-00C04F79EFBC}") = "Lab07_2", "Lab07_2\Lab07_2.csproj", "{04751E59-6843-4A74-9554-5756B53EE1A4}"
EndProject
Global
	GlobalSection(SolutionConfigurationPlatforms) = preSolution
		Debug|Any CPU = Debug|Any CPU
		Release|Any CPU = Release|Any CPU
	EndGlobalSection
	GlobalSection(ProjectConfigurationPlatforms) = postSolution
		{04751E59-6843-4A74-9554-5756B53EE1A4}.Debug|Any CPU.ActiveCfg = Debug|Any CPU
		{04751E59-6843-4A74-9554-5756B53EE1A4}.Debug|Any CPU.Build.0 = Debug|Any CPU
		{04751E59-6843-4A74-9554-5756B53EE1A4}.Release|Any CPU.ActiveCfg = Release|Any CPU
		{04751E59-6843-4A74-9554-5756B53EE1A4}.Release|Any CPU.Build.0 = Release|Any CPU
	EndGlobalSection
	GlobalSection(SolutionProperties) = preSolution
		HideSolutionNode = FALSE
	EndGlobalSection
	GlobalSection(ExtensibilityGlobals) = postSolution
		SolutionGuid = {BD75E3E2-CCD2-4476-B114-63FA92D1C573}
	EndGlobalSection
EndGlobal
